{
  "name": "oc-save-keeper",
  "lockfileVersion": 3,
  "requires": true,
  "packages": {
    "": {
      "dependencies": {
        "@jshsakura/opencode-telegram-bot-plugin": "^1.0.4"
      }
    },
    "node_modules/@jshsakura/opencode-telegram-bot-plugin": {
      "version": "1.0.4",
      "resolved": "https://registry.npmjs.org/@jshsakura/opencode-telegram-bot-plugin/-/opencode-telegram-bot-plugin-1.0.4.tgz",
      "integrity": "sha512-AACgGXQYeHPupFfAOERqJwtBvn/eGap+QrnluWJzvNXw0N0yImgJpmkRrSSX4KXA0eA+rquzojVSCGi/SmKy6Q==",
      "license": "MIT",
      "dependencies": {
        "@jshsakura/opencode-telegram-bot-plugin": "^1.0.3",
        "@opencode-ai/plugin": "^1.1.65",
        "@opencode-ai/sdk": "^1.1.65"
      }
    },
    "node_modules/@opencode-ai/plugin": {
      "version": "1.2.27",
      "resolved": "https://registry.npmjs.org/@opencode-ai/plugin/-/plugin-1.2.27.tgz",
      "integrity": "sha512-h+8Bw9v9nghMg7T+SUCTzxlIhOrsTqXW7U0HVLGQST5DjbN7uyCUM51roZWZ8LRjGxzbzFhvPnY1bj8i+ioZyw==",
      "license": "MIT",
      "dependencies": {
        "@opencode-ai/sdk": "1.2.27",
        "zod": "4.1.8"
      }
    },
    "node_modules/@opencode-ai/sdk": {
      "version": "1.2.27",
      "resolved": "https://registry.npmjs.org/@opencode-ai/sdk/-/sdk-1.2.27.tgz",
      "integrity": "sha512-Wk0o/I+Fo+wE3zgvlJDs8Fb67KlKqX0PrV8dK5adSDkANq6r4Z25zXJg2iOir+a8ntg3rAcpel1OY4FV/TwRUA==",
      "license": "MIT"
    },
    "node_modules/zod": {
      "version": "4.1.8",
      "resolved": "https://registry.npmjs.org/zod/-/zod-4.1.8.tgz",
      "integrity": "sha512-5R1P+WwQqmmMIEACyzSvo4JXHY5WiAFHRMg+zBZKgKS+Q1viRa0C1hmUKtHltoIFKtIdki3pRxkmpP74jnNYHQ==",
      "license": "MIT",
      "funding": {
        "url": "https://github.com/sponsors/colinhacks"
      }
    }
  }
}
